cloud.google.com/go v0.39.0/go.mod h1:rVLT6fkc8chs9sfPtFc1SBH6em7n+ZoXaG+87tDISts=
cloud.google.com/go v0.98.0/go.mod h1:ua6Ush4NALrHk5QXDWnjvZHN93OuF0HfuEPq9I1X0cM=
cloud.google.com/go v0.100.2 h1:t9Iw5QH5v4XtlEQaCtUY7x6sCABps8sW0acw7e2WQ6Y=
cloud.google.com/go/compute v1.5.0 h1:b1zWmYuuHz7gO9kDcM/EpHGr06UgsYNRpNJzI2kFiLM=
cloud.google.com/go/iam v0.3.0 h1:exkAomrVUuzx9kWFI1wm3KI0uoDeUFPB4kKGzx6x+Gc=
cloud.google.com/go/kms v1.1.0 h1:1yc4rLqCkVDS9Zvc7m+3mJ47kw0Uo5Q5+sMjcmUVUeM=
cloud.google.com/go/logging v1.0.0 h1:kaunpnoEh9L4hu6JUsBa8Y20LBfKnCuDhKUgdZp7oK8=
cloud.google.com/go/pubsub v1.10.3/go.mod h1:FUcc28GpGxxACoklPsE1sCtbkY4Ix+ro7yvw+h82Jn4=
cloud.google.com/go/storage v1.15.0/go.mod h1:mjjQMoxxyGH7Jr8K5qrx6N2O0AHsczI61sMNn03GIZI=
cloud.google.com/go/storage v1.22.0 h1:NUV0NNp9nkBuW66BFRLuMgldN60C57ET3dhbwLIYio8=
contrib.go.opencensus.io/exporter/stackdriver v0.13.5/go.mod h1:aXENhDJ1Y4lIg4EUaVTwzvYETVNZk10Pu26tevFKLUc=
github.com/Azure/azure-pipeline-go v0.2.3 h1:7U9HBg1JFK3jHl5qmo4CTZKFTVgMwdFHMVtCdfBE21U=
github.com/Azure/azure-sdk-for-go v54.0.0+incompatible/go.mod h1:9XXNKU+eRnpl9moKnB4QOLf1HestfXbmab5FXxiDBjc=
github.com/Azure/azure-sdk-for-go v57.0.0+incompatible h1:isVki3PbIFrwKvKdVP1byxo73/pt+Nn174YxW1k4PNw=
github.com/Azure/azure-service-bus-go v0.10.11/go.mod h1:AWw9eTTWZVZyvgpPahD1ybz3a8/vT3GsJDS8KYex55U=
github.com/Azure/azure-storage-blob-go v0.13.0/go.mod h1:pA9kNqtjUeQF2zOSu4s//nUdBD+e64lEuc4sVnuOfNs=
github.com/Azure/azure-storage-blob-go v0.14.0 h1:1BCg74AmVdYwO3dlKwtFU1V0wU2PZdREkXvAmZJRUlM=
github.com/Azure/go-amqp v0.13.4/go.mod h1:wbpCKA8tR5MLgRyIu+bb+S6ECdIDdYJ0NlpFE9xsBPI=
github.com/Azure/go-amqp v0.13.7/go.mod h1:wbpCKA8tR5MLgRyIu+bb+S6ECdIDdYJ0NlpFE9xsBPI=
github.com/Azure/go-ansiterm v0.0.0-20210617225240-d185dfc1b5a1 h1:UQHMgLO+TxOElx5B5HZ4hJQsoJ/PvUvKRhJHDQXO8P8=
github.com/Azure/go-autorest v14.2.0+incompatible h1:V5VMDjClD3GiElqLWO7mz2MxNAK/vTfRHdAubSIPRgs=
github.com/Azure/go-autorest/autorest v0.11.20 h1:s8H1PbCZSqg/DH7JMlOz6YMig6htWLNPsjDdlLqCx3M=
github.com/Azure/go-autorest/autorest/adal v0.9.2/go.mod h1:/3SMAM86bP6wC9Ev35peQDUeqFZBMH07vvUOmg4z/fE=
github.com/Azure/go-autorest/autorest/adal v0.9.15 h1:X+p2GF0GWyOiSmqohIaEeuNFNDY4I4EOlVuUQvFdWMk=
github.com/Azure/go-autorest/autorest/azure/auth v0.5.7/go.mod h1:AkzUsqkrdmNhfP2i54HqINVQopw0CLDnvHpJ88Zz1eI=
github.com/Azure/go-autorest/autorest/azure/auth v0.5.8 h1:TzPg6B6fTZ0G1zBf3T54aI7p3cAT6u//TOXGPmFMOXg=
github.com/Azure/go-autorest/autorest/azure/cli v0.4.3 h1:DOhB+nXkF7LN0JfBGB5YtCF6QLK8mLe4psaHF7ZQEKM=
github.com/Azure/go-autorest/autorest/date v0.3.0 h1:7gUk1U5M/CQbp9WoqinNzJar+8KY+LPI6wiWrP/myHw=
github.com/Azure/go-autorest/autorest/mocks v0.4.1 h1:K0laFcLE6VLTOwNgSxaGbUcLPuGXlNkbVvq4cW4nIHk=
github.com/Azure/go-autorest/autorest/to v0.4.0 h1:oXVqrxakqqV1UZdSazDOPOLvOIz+XA683u8EctwboHk=
github.com/Azure/go-autorest/autorest/validation v0.3.1 h1:AgyqjAd94fwNAoTjl/WQXg4VvFeRFpO+UhNyRXqF1ac=
github.com/Azure/go-autorest/logger v0.2.1 h1:IG7i4p/mDa2Ce4TRyAO8IHnVhAVF3RFU+ZtXWSmf4Tg=
github.com/Azure/go-autorest/tracing v0.6.0 h1:TYi4+3m5t6K48TGI9AUdb+IzbnSxvnvUMfuitfgcfuo=
github.com/GoogleCloudPlatform/cloudsql-proxy v1.22.0/go.mod h1:mAm5O/zik2RFmcpigNjg6nMotDL8ZXJaxKzgGVcSMFA=
github.com/HdrHistogram/hdrhistogram-go v1.1.2 h1:5IcZpTvzydCQeHzK4Ef/D5rrSqwxob0t8PQPMybUNFM=
github.com/HdrHistogram/hdrhistogram-go v1.1.2/go.mod h1:yDgFjdqOqDEKOvasDdhWNXYg9BVp4O+o5f6V/ehm6Oo=
github.com/Microsoft/go-winio v0.5.1/go.mod h1:JPGBdM1cNvN/6ISo+n8V5iA4v8pBzdOpzfwIujj1a84=
github.com/Microsoft/go-winio v0.5.2 h1:a9IhgEQBCUEk6QCdml9CiJGhAws+YwffDHEMp1VMrpA=
github.com/Netflix/go-expect v0.0.0-20180615182759-c93bf25de8e8 h1:xzYJEypr/85nBpB11F9br+3HUrpgb+fcm5iADzXXYEw=
github.com/ProtonMail/go-crypto v0.0.0-20210428141323-04723f9f07d7 h1:YoJbenK9C67SkzkDfmQuVln04ygHj3vjZfd9FL+GmQQ=
github.com/StackExchange/wmi v1.2.1/go.mod h1:rcmrprowKIVzvc+NUiLncP2uuArMWLCbu9SBzvHz7e8=
github.com/acomagu/bufpipe v1.0.3 h1:fxAGrHZTgQ9w5QqVItgzwj235/uYZYgbXitB+dLupOk=
github.com/aead/chacha20 v0.0.0-20180709150244-8b13a72661da h1:KjTM2ks9d14ZYCvmHS9iAKVt9AyzRSqNU1qabPih5BY=
github.com/agext/levenshtein v1.2.3 h1:YB2fHEn0UJagG8T1rrWknE3ZQzWM06O8AMAatNn7lmo=
github.com/ajstarks/svgo v0.0.0-20180226025133-644b8db467af/go.mod h1:K08gAheRH3/J6wwsYMMT4xOr94bZjxIelGM0+d/wbFw=
github.com/alcortesm/tgz v0.0.0-20161220082320-9c5fe88206d7/go.mod h1:6zEj6s6u/ghQa61ZWa/C2Aw3RkjiTBOix7dkqa1VLIs=
github.com/anmitsu/go-shlex v0.0.0-20161002113705-648efa622239 h1:kFOfPq6dUM1hTo4JG6LR5AXSUEsOjtdm0kw0FtQtMJA=
github.com/apparentlymart/go-textseg v1.0.0 h1:rRmlIsPEEhUTIKQb7T++Nz/A5Q6C9IuX2wFoYVvnCs0=
github.com/apparentlymart/go-textseg/v13 v13.0.0 h1:Y+KvPE1NYz0xl601PVImeQfFyEy6iT90AvPUL1NNfNw=
github.com/armon/consul-api v0.0.0-20180202201655-eb2c6b5be1b6/go.mod h1:grANhF5doyWs3UAsr3K4I6qtAmlQcZDesFNEHPZAzj8=
github.com/armon/go-socks5 v0.0.0-20160902184237-e75332964ef5 h1:0CwZNZbxp69SHPdPJAN/hZIm0C4OItdklCFmMRWYpio=
github.com/aws/aws-sdk-go v1.23.20/go.mod h1:KmX6BPdI08NWTb3/sm4ZGu5ShLoqVDhKgpiN924inxo=
github.com/aws/aws-sdk-go v1.38.35/go.mod h1:hcU610XS61/+aQV88ixoOzUoG7v3b31pl2zKMmprdro=
github.com/aws/aws-sdk-go v1.44.234 h1:8YbQ5AhpgV/cC7jYX8qS34Am/vcn2ZoIFJ1qIgwOL+0=
github.com/aws/aws-sdk-go-v2 v1.9.0 h1:+S+dSqQCN3MSU5vJRu1HqHrq00cJn6heIMU7X9hcsoo=
github.com/aws/aws-sdk-go-v2/config v1.7.0 h1:J2cZ7qe+3IpqBEXnHUrFrOjoB9BlsXg7j53vxcl5IVg=
github.com/aws/aws-sdk-go-v2/credentials v1.4.0 h1:kmvesfjY861FzlCU9mvAfe01D9aeXcG2ZuC+k9F2YLM=
github.com/aws/aws-sdk-go-v2/feature/ec2/imds v1.5.0 h1:OxTAgH8Y4BXHD6PGCJ8DHx2kaZPCQfSTqmDsdRZFezE=
github.com/aws/aws-sdk-go-v2/internal/ini v1.2.2 h1:d95cddM3yTm4qffj3P6EnP+TzX1SSkWaQypXSgT/hpA=
github.com/aws/aws-sdk-go-v2/service/internal/presigned-url v1.3.0 h1:VNJ5NLBteVXEwE2F1zEXVmyIH58mZ6kIQGJoC7C+vkg=
github.com/aws/aws-sdk-go-v2/service/kms v1.5.0 h1:10e9mzaaYIIePEuxUzW5YJ8LKHNG/NX63evcvS3ux9U=
github.com/aws/aws-sdk-go-v2/service/sso v1.4.0 h1:sHXMIKYS6YiLPzmKSvDpPmOpJDHxmAUgbiF49YNVztg=
github.com/aws/aws-sdk-go-v2/service/sts v1.7.0 h1:1at4e5P+lvHNl2nUktdM2/v+rpICg/QSEr9TO/uW9vU=
github.com/aws/smithy-go v1.8.0 h1:AEwwwXQZtUwP5Mz506FeXXrKBe0jA8gVM+1gEcSRooc=
github.com/blang/semver v3.5.1+incompatible h1:cQNTCjp13qL8KC3Nbxr/y2Bqb63oX6wdnnjpJbkM4JQ=
github.com/cenkalti/backoff/v3 v3.2.2 h1:cfUAAO3yvKMYKPrvhDuHSwQnhZNk/RMHKdZqKTxfm6M=
github.com/cespare/xxhash/v2 v2.1.2/go.mod h1:VGX0DQ3Q6kWi7AoAeZDth3/j3BFtOZR5XLFGgcrjCOs=
github.com/cheggaaa/pb v1.0.29 h1:FckUN5ngEk2LpvuG0fw1GEFx6LtyY2pWI/Z2QgCnEYo=
github.com/cncf/xds/go v0.0.0-20211130200136-a8f946100490/go.mod h1:eXthEFrGJvWHgFFCl3hGmgk+/aYT6PnTQLykKQRLhEs=
github.com/codahale/hdrhistogram v0.0.0-20161010025455-3a0bb77429bd/go.mod h1:sE/e/2PUdi/liOCUjSTXgM1o87ZssimdTWN964YiIeI=
github.com/coreos/bbolt v1.3.2/go.mod h1:iRUV2dpdMOn7Bo10OQBFzIJO9kkE559Wcmn+qkEiiKk=
github.com/coreos/etcd v3.3.10+incompatible/go.mod h1:uF7uidLiAD3TWHmW31ZFd/JWoc32PjwdhPthX9715RE=
github.com/coreos/go-semver v0.2.0/go.mod h1:nnelYz7RCh+5ahJtPPxZlU+153eP4D4r3EedlOD2RNk=
github.com/coreos/go-systemd/v22 v22.3.1/go.mod h1:Y58oyj3AT4RCenI/lSvhwexgC+NSVTIJ3seZv2GcEnc=
github.com/coreos/pkg v0.0.0-20180928190104-399ea9e2e55f/go.mod h1:E3G3o1h8I7cfcXa63jLwjI0eiQQMgzzUDFVpN/nH/eA=
github.com/cpuguy83/go-md2man/v2 v2.0.0/go.mod h1:maD7wRr/U5Z6m/iR4s+kqSMx2CaBsrgA7czyZG/E6dU=
github.com/creack/pty v1.1.7/go.mod h1:lj5s0c3V2DBrqTV7llrYr5NG6My20zk30Fl46Y7DoTY=
github.com/creack/pty v1.1.11 h1:07n33Z8lZxZ2qwegKbObQohDhXDQxiMMz1NOUGYlesw=
github.com/davecgh/go-spew v1.1.1 h1:vj9j/u1bqnvCEfJOwUhtlOARqs3+rkHYY13jYWTU97c=
github.com/dgryski/go-sip13 v0.0.0-20181026042036-e10d5fee7954/go.mod h1:vAd38F8PWV+bWy6jNmig1y/TA+kYO4g3RSRF0IAv0no=
github.com/dimchansky/utfbom v1.1.1 h1:vV6w1AhK4VMnhBno/TPVCoK9U/LP0PkLCS9tbxHdi/U=
github.com/djherbis/times v1.5.0 h1:79myA211VwPhFTqUk8xehWrsEO+zcIZj0zT8mXPVARU=
github.com/dustin/go-humanize v1.0.0/go.mod h1:HtrtbFcZ19U5GC7JDqmcUSB87Iq5E25KnS6fMYU6eOk=
github.com/dustin/go-humanize v1.0.1 h1:GzkhY7T5VNhEkwH0PVJgjz+fX1rhBrR7pRT3mDkpeCY=
github.com/edsrzf/mmap-go v1.1.0 h1:6EUwBLQ/Mcr1EYLE4Tn1VdW1A4ckqCQWZBw8Hr0kjpQ=
github.com/emirpasic/gods v1.12.0 h1:QAUIPSaCu4G+POclxeqb3F+WPpdKqFGlw36+yOzGlrg=
github.com/envoyproxy/go-control-plane v0.10.1/go.mod h1:AY7fTTXNdv/aJ2O5jwpxAPOWUZ7hQAEvzN5Pf27BkQQ=
github.com/envoyproxy/protoc-gen-validate v0.6.2/go.mod h1:2t7qjJNvHPx8IjnBOzl9E9/baC+qXE/TeeyBRzgJDws=
github.com/fatih/color v1.13.0 h1:8LOYc1KYPPmyKMuN8QV2DNRWNbLo6LZ0iLs8+mlH53w=
github.com/fogleman/gg v1.2.1-0.20190220221249-0403632d5b90/go.mod h1:R/bRT+9gY/C5z7JzPU0zXsXHKM4/ayA+zqcVNZzPa1k=
github.com/frankban/quicktest v1.10.0 h1:Gfh+GAJZOAoKZsIZeZbdn2JF10kN1XHNvjsvQK8gVkE=
github.com/fsnotify/fsnotify v1.4.9/go.mod h1:znqG4EE+3YCdAaPaxE2ZRY/06pZUdp0tY4IgpuI1SZQ=
github.com/gliderlabs/ssh v0.2.2 h1:6zsha5zo/TWhRhwqCD3+EarCAgZ2yN28ipRnGPnwkI0=
github.com/go-git/gcfg v1.5.0 h1:Q5ViNfGF8zFgyJWPqYwA7qGFoMTEiBmdlkcfRmpIMa4=
github.com/go-git/go-billy/v5 v5.3.1 h1:CPiOUAzKtMRvolEKw+bG1PLRpT7D3LIs3/3ey4Aiu34=
github.com/go-git/go-git-fixtures/v4 v4.2.1 h1:n9gGL1Ct/yIw+nfsfr8s4+sbhT+Ncu2SubfXjIWgci8=
github.com/go-git/go-git/v5 v5.4.2 h1:BXyZu9t0VkbiHtqrsvdq39UDhGJTl1h55VW6CSC4aY4=
github.com/go-ole/go-ole v1.2.5/go.mod h1:pprOEPIfldk/42T2oK7lQ4v4JSDwmV0As9GaiUsvbm0=
github.com/go-ole/go-ole v1.2.6/go.mod h1:pprOEPIfldk/42T2oK7lQ4v4JSDwmV0As9GaiUsvbm0=
github.com/go-test/deep v1.0.3 h1:ZrJSEWsXzPOxaZnFteGEfooLba+ju3FYIbOrS+rQd68=
github.com/gofrs/uuid v4.2.0+incompatible h1:yyYWMnhkhrKwwr8gAOcOCYxOOscHgDS9yZgBrnJfGa0=
github.com/gogo/protobuf v1.3.2 h1:Ov1cvc58UF3b5XjBnZv7+opcTcQFZebYjWzi34vdm4Q=
github.com/golang-jwt/jwt/v4 v4.0.0 h1:RAqyYixv1p7uEnocuy8P1nru5wprCh/MH2BIlW5z5/o=
github.com/golang/freetype v0.0.0-20170609003504-e2365dfdc4a0/go.mod h1:E/TSTwGwJL78qG/PmXZO1EjYhfJinVAhrmmHX6Z8B9k=
github.com/golang/glog v1.0.0 h1:nfP3RFugxnNRyKgeWd4oI1nYvXpxrx8ck8ZrcizshdQ=
github.com/golang/groupcache v0.0.0-20190129154638-5b532d6fd5ef/go.mod h1:cIg4eruTrX1D+g88fzRXU5OdNfaM+9IcxsU14FzY7Hc=
github.com/golang/groupcache v0.0.0-20210331224755-41bb18bfe9da h1:oI5xCqsCo564l8iNU+DwB5epxmsaqB+rhGL0m5jtYqE=
github.com/golang/protobuf v1.5.2 h1:ROPKBNFfQgOUMifHyP+KYbvpjbdoFNs+aK7DXlji0Tw=
github.com/golang/snappy v0.0.4 h1:yAGX7huGHXlcLOEtBnF4w7FQwA26wojNCwOYAEhLjQM=
github.com/google/go-cmp v0.5.9 h1:O2Tfq5qg4qc4AmwVlvv0oLiVAGB7enBSJ2x2DqQFi38=
github.com/google/go-querystring v1.0.0/go.mod h1:odCYkC5MyYFN7vkCjXpyrEuKhc/BUO6wN/zVPAxq5ck=
github.com/google/go-querystring v1.1.0 h1:AnCroh3fv4ZBgVIf1Iwtovgjaw/GiKJo8M8yD/fhyJ8=
github.com/google/go-replayers/grpcreplay v1.0.0/go.mod h1:8Ig2Idjpr6gifRd6pNVggX6TC1Zw6Jx74AKp7QNH2QE=
github.com/google/go-replayers/grpcreplay v1.1.0 h1:S5+I3zYyZ+GQz68OfbURDdt/+cSMqCK1wrvNx7WBzTE=
github.com/google/go-replayers/httpreplay v0.1.2/go.mod h1:YKZViNhiGgqdBlUbI2MwGpq4pXxNmhJLPHQ7cv2b5no=
github.com/google/go-replayers/httpreplay v1.0.0 h1:8SmT8fUYM4nueF+UnXIX8LJxNTb1vpPuknXz+yTWzL4=
github.com/google/martian v2.1.1-0.20190517191504-25dcb96d9e51+incompatible h1:xmapqc1AyLoB+ddYT6r04bD9lIjlOqGaREovi0SzFaE=
github.com/google/martian/v3 v3.2.1 h1:d8MncMlErDFTwQGBK1xhv026j9kqhvw1Qv9IbWT1VLQ=
github.com/google/uuid v1.3.0 h1:t6JiXgmwXMjEs8VusXIJk2BXHsn+wx8BZdTaoZ5fu7I=
github.com/google/wire v0.5.0 h1:I7ELFeVBr3yfPIcc8+MWvrjk+3VjbcSzoXm3JVa+jD8=
github.com/googleapis/gax-go/v2 v2.2.0 h1:s7jOdKSaksJVOxE0Y/S32otcfiP+UQ0cL8/GTKaONwE=
github.com/googleapis/go-type-adapters v1.0.0 h1:9XdMn+d/G57qq1s8dNc5IesGCXHf6V2HZ2JwRxfA2tA=
github.com/gorilla/mux v1.7.4 h1:VuZ8uybHlWmqV03+zRzdwKL4tUnIp1MAQtp1mIFE1bc=
github.com/gorilla/websocket v1.4.0/go.mod h1:E7qHFY5m1UJ88s3WnNqhKjPHQ0heANvMoAMk2YaljkQ=
github.com/grpc-ecosystem/go-grpc-middleware v1.0.0/go.mod h1:FiyG127CGDf3tlThmgyCl78X/SZQqEOJBCDaAfeWzPs=
github.com/grpc-ecosystem/go-grpc-prometheus v1.2.0/go.mod h1:8NvIoxWQoOIhqOTXgfV/d3M/q6VIi02HzZEHgUlZvzk=
github.com/grpc-ecosystem/grpc-gateway v1.9.0/go.mod h1:vNeuVxBJEsws4ogUvrchl83t/GYV9WGTSLVdBhOQFDY=
github.com/grpc-ecosystem/grpc-opentracing v0.0.0-20180507213350-8e809c8a8645 h1:MJG/KsmcqMwFAkh8mTnAwhyKoB+sTAnY4CACC110tbU=
github.com/hashicorp/errwrap v1.1.0 h1:OxrOeh75EUXMY8TBjag2fzXGZ40LB6IKw45YeGUDY2I=
github.com/hashicorp/go-cleanhttp v0.5.2 h1:035FKYIWjmULyFRBKPs8TBQoi0x6d9G4xc9neXJWAZQ=
github.com/hashicorp/go-hclog v1.4.0 h1:ctuWFGrhFha8BnnzxqeRGidlEcQkDyL5u8J8t5eA11I=
github.com/hashicorp/go-multierror v1.1.1 h1:H5DkEtf6CXdFp0N0Em5UCwQpXMWke8IA0+lD48awMYo=
github.com/hashicorp/go-retryablehttp v0.7.2 h1:AcYqCvkpalPnPF2pn0KamgwamS42TqUDDYFRKq/RAd0=
github.com/hashicorp/go-rootcerts v1.0.2 h1:jzhAVGtqPKbwpyCPELlgNWhE1znq+qwJtW5Oi2viEzc=
github.com/hashicorp/go-sockaddr v1.0.2 h1:ztczhD1jLxIRjVejw8gFomI1BQZOe2WoVOu0SyteCQc=
github.com/hashicorp/go-version v1.4.0/go.mod h1:fltr4n8CU8Ke44wwGCBoEymUuxUHl09ZGVZPK5anwXA=
github.com/hashicorp/hcl v1.0.0 h1:0Anlzjpi4vEasTeNFn2mLJgTSwt0+6sfsiTG8qcWGx4=
github.com/hashicorp/hcl/v2 v2.3.0/go.mod h1:d+FwDBbOLvpAM3Z6J7gPj/VoAGkNe/gm352ZhjJ/Zv8=
github.com/hashicorp/hcl/v2 v2.11.1/go.mod h1:FwWsfWEjyV/CMj8s/gqAuiviY72rJ1/oayI9WftqcKg=
github.com/hashicorp/hcl/v2 v2.12.0/go.mod h1:FwWsfWEjyV/CMj8s/gqAuiviY72rJ1/oayI9WftqcKg=
github.com/hashicorp/hcl/v2 v2.16.2 h1:mpkHZh/Tv+xet3sy3F9Ld4FyI2tUpWe9x3XtPx9f1a0=
github.com/hashicorp/vault/api v1.1.0/go.mod h1:R3Umvhlxi2TN7Ex2hzOowyeNb+SfbVWI973N+ctaFMk=
github.com/hashicorp/vault/api v1.1.1 h1:907ld+Z9cALyvbZK2qUX9cLwvSaEQsMVQB3x2KE8+AI=
github.com/hashicorp/vault/sdk v0.1.14-0.20200519221838-e0cfd64bc267/go.mod h1:WX57W2PwkrOPQ6rVQk+dy5/htHIaB4aBM70EwKThu10=
github.com/hashicorp/vault/sdk v0.2.0/go.mod h1:cAGI4nVnEfAyMeqt9oB+Mase8DNn3qA/LDNHURiwssY=
github.com/hashicorp/vault/sdk v0.2.1 h1:S4O6Iv/dyKlE9AUTXGa7VOvZmsCvg36toPKgV4f2P4M=
github.com/hexops/autogold v0.8.1/go.mod h1:97HLDXyG23akzAoRYJh/2OBs3kd80eHyKPvZw0S5ZBY=
github.com/hexops/autogold v1.3.0/go.mod h1:d4hwi2rid66Sag+BVuHgwakW/EmaFr8vdTSbWDbrDRI=
github.com/hexops/gotextdiff v1.0.3/go.mod h1:pSWU5MAI3yDq+fZBTazCSJysOMbxWL1BSow5/V2vxeg=
github.com/hexops/valast v1.4.0/go.mod h1:uVjKZ0smVuYlgCSPz9NRi5A04sl7lp6GtFWsROKDgEs=
github.com/hinshun/vt10x v0.0.0-20180616224451-1954e6464174 h1:WlZsjVhE8Af9IcZDGgJGQpNflI3+MJSBhsgT5PCtzBQ=
github.com/ijc/Gotty v0.0.0-20170406111628-a8b993ba6abd h1:anPrsicrIi2ColgWTVPk+TrN42hJIWlfPHSBP9S0ZkM=
github.com/imdario/mergo v0.3.13 h1:lFzP57bqS/wsqKssCGmtLAb8A0wKjLGrve2q3PPVcBk=
github.com/inconshreveable/mousetrap v1.0.0 h1:Z8tu5sraLXCXIcARxBp/8cbvlwVa7Z1NHg9XEKhtSvM=
github.com/jbenet/go-context v0.0.0-20150711004518-d14ea06fba99 h1:BQSFePA1RWJOlocH6Fxy8MmwDt+yVQYULKfN0RoTN8A=
github.com/jessevdk/go-flags v1.4.0/go.mod h1:4FA24M0QyGHXBuZZK/XkWh8h0e1EYbRYJSGM75WSRxI=
github.com/jmespath/go-jmespath v0.4.0 h1:BEgLn5cpjn8UN1mAw4NjwDrS35OdebyEtFe+9YPoQUg=
github.com/jmespath/go-jmespath/internal/testify v1.5.1 h1:shLQSRRSCCPj3f2gpwzGwWFoC7ycTf1rcQZHOlsJ6N8=
github.com/jonboulle/clockwork v0.1.0/go.mod h1:Ii8DK3G1RaLaWxj9trq07+26W01tbo22gdxWY5EU2bo=
github.com/jung-kurt/gofpdf v1.0.3-0.20190309125859-24315acbbda5/go.mod h1:7Id9E/uU8ce6rXgefFLlgrJj/GYY22cpxn+r32jIOes=
github.com/kballard/go-shellquote v0.0.0-20180428030007-95032a82bc51 h1:Z9n2FFNUXsshfwJMBgNA0RU6/i7WVaAegv3PtuIHPMs=
github.com/kevinburke/ssh_config v0.0.0-20190725054713-01f96b0aa0cd/go.mod h1:CT57kijsi8u/K/BOFA39wgDQJ9CxiF4nAY/ojJ6r6mM=
github.com/kevinburke/ssh_config v1.1.0 h1:pH/t1WS9NzT8go394IqZeJTMHVm6Cr6ZJ6AQ+mdNo/o=
github.com/klauspost/compress v1.12.2/go.mod h1:8dP1Hq4DHOhN9w426knH3Rhby4rFm6D8eO+e+Dq5Gzg=
github.com/kr/pretty v0.2.1 h1:Fmg33tUaq4/8ym9TJN1x7sLJnHVwhP33CNkpYV/7rwI=
github.com/kr/pty v1.1.8 h1:AkaSdXYQOWeaO3neb8EM634ahkXXe3jYbVh/F9lq+GI=
github.com/kr/pty v1.1.8/go.mod h1:O1sed60cT9XZ5uDucP5qwvh+TE3NnUj51EiZO/lmSfw=
github.com/kr/text v0.2.0 h1:5Nx0Ya0ZqY2ygV366QzturHI13Jq95ApcVaJBhpS+AY=
github.com/lib/pq v1.10.0/go.mod h1:AlVN5x4E4T544tWzH6hKfbfQvm3HdbOxrmggDNAPY9o=
github.com/lib/pq v1.10.1/go.mod h1:AlVN5x4E4T544tWzH6hKfbfQvm3HdbOxrmggDNAPY9o=
github.com/lufia/plan9stats v0.0.0-20211012122336-39d0f177ccd0/go.mod h1:zJYVVT2jmtg6P3p1VtQj7WsuWi/y4VnjVBn7F8KPB3I=
github.com/lyft/protoc-gen-star v0.5.3/go.mod h1:V0xaHgaf5oCCqmcxYcWiDfTiKsZsRc87/1qhoTACD8w=
github.com/magiconair/properties v1.8.0/go.mod h1:PppfXfuXeibc/6YijjN8zIbojt8czPbwD3XqdrwzmxQ=
github.com/matryer/is v1.2.0 h1:92UTHpy8CDwaJ08GqLDzhhuixiBUUD1p3AU6PHddz4A=
github.com/mattn/go-colorable v0.1.13 h1:fFA4WZxdEF4tXPZVKMLwD8oUnCTTo08duU7wxecdEvA=
github.com/mattn/go-ieproxy v0.0.1 h1:qiyop7gCflfhwCzGyeT0gro3sF9AIg9HU98JORTkqfI=
github.com/mattn/go-isatty v0.0.18 h1:DOKFKCQ7FNG2L1rbrmstDN4QVRdS89Nkh85u68Uwp98=
github.com/mattn/go-runewidth v0.0.13 h1:lTGmDsbAYt5DmK6OnoV7EuIF1wEIFAcxld6ypU4OSgU=
github.com/mgutz/ansi v0.0.0-20170206155736-9520e82c474b h1:j7+1HpAFS1zy5+Q4qx1fWh90gTKwiN4QCGoY9TWyyO4=
github.com/mitchellh/copystructure v1.2.0 h1:vpKXTN4ewci03Vljg/q9QvCGUDttBOGBIa15WveJJGw=
github.com/mitchellh/go-homedir v1.1.0 h1:lukF9ziXFxDFPkA1vsr5zpc1XuPDn/wFntq5mG+4E0Y=
github.com/mitchellh/go-ps v1.0.0 h1:i6ampVEEF4wQFF+bkYfwYgY+F/uYJDktmvLPf7qIgjc=
github.com/mitchellh/go-wordwrap v1.0.1 h1:TLuKupo69TCn6TQSyGxwI1EblZZEsQ0vMlAFQflz0v0=
github.com/mitchellh/mapstructure v1.4.3/go.mod h1:bFUtVrKA4DC2yAKiSyO/QUcy7e+RRV2QTWOzhPopBRo=
github.com/mitchellh/mapstructure v1.5.0 h1:jeMsZIYE/09sWLaz43PL7Gy6RuMjD2eJVyuac5Z2hdY=
github.com/mitchellh/reflectwalk v1.0.2 h1:G2LzWKi524PWgd3mLHV8Y5k7s6XUvT0Gef6zxSIeXaQ=
github.com/moby/moby v20.10.14+incompatible/go.mod h1:fDXVQ6+S340veQPv35CzDahGBmHsiclFwfEygB/TWMc=
github.com/moby/term v0.0.0-20210619224110-3f7ff695adc6 h1:dcztxKSvZ4Id8iPpHERQBbIJfabdt4wUm5qy3wOL2Zc=
github.com/mxschmitt/golang-combinations v1.0.0/go.mod h1:RbMhWvfCelHR6WROvT2bVfxJvZHoEvBj71SKe+H0MYU=
github.com/natefinch/atomic v1.0.1 h1:ZPYKxkqQOx3KZ+RsbnP/YsgvxWQPGxjC0oBt2AhwV0A=
github.com/nbutton23/zxcvbn-go v0.0.0-20180912185939-ae427f1e4c1d/go.mod h1:o96djdrsSGy3AWPyBgZMAGfxZNfgntdJG+11KU4QvbU=
github.com/nightlyone/lockfile v1.0.0/go.mod h1:rywoIealpdNse2r832aiD9jRk8ErCatROs6LzC841CI=
github.com/nxadm/tail v1.4.8/go.mod h1:+ncqLTQzXmGhMZNUePPaPqPvBxHAIsmXswZKocGu+AU=
github.com/oklog/ulid v1.3.1/go.mod h1:CirwcVhetQ6Lv90oh/F+FBtV6XMibvdAFo93nm5qn4U=
github.com/opentracing/basictracer-go v1.1.0 h1:Oa1fTSBvAl8pa3U+IJYqrKm0NALwH9OsgwOqDv4xJW0=
github.com/opentracing/opentracing-go v1.2.0 h1:uEJPy/1a5RIPAJ0Ov+OIO8OxWu77jEv+1B0VhjKrZUs=
github.com/pelletier/go-buffruneio v0.2.0/go.mod h1:JkE26KsDizTr40EUHkXVtNPvgGtbSNq5BcowyYOWdKo=
github.com/pelletier/go-toml v1.2.0/go.mod h1:5z9KED0ma1S8pY6P1sdut58dfprrGBbd/94hg7ilaic=
github.com/pgavlin/goldmark v1.1.33-0.20200616210433-b5eb04559386 h1:LoCV5cscNVWyK5ChN/uCoIFJz8jZD63VQiGJIRgr6uo=
github.com/pierrec/lz4 v2.6.0+incompatible/go.mod h1:pdkljMzZIN41W+lC3N2tnIh5sFi+IEE17M5jbnwPHcY=
github.com/pierrec/lz4 v2.6.1+incompatible h1:9UY3+iC23yxF0UfGaYrGplQ+79Rg+h/q9FV9ix19jjM=
github.com/pkg/errors v0.9.1 h1:FEBLx1zS214owpjy7qsBeixbURkuhQAwrK5UwLGTwt4=
github.com/pkg/term v1.1.0 h1:xIAAdCMh3QIAy+5FrE8Ad8XoDhEU4ufwbaSozViP9kk=
github.com/pmezard/go-difflib v1.0.0 h1:4DBwDE0NGyQoBHbLQYPwSUPoCMWR5BEzIk/f1lZbAQM=
github.com/power-devops/perfstat v0.0.0-20210106213030-5aafc221ea8c/go.mod h1:OmDBASR4679mdNQnz2pUhc2G8CO2JrUAVFDRBDP/hJE=
github.com/prometheus/client_golang v0.9.3/go.mod h1:/TN21ttK/J9q6uSwhBd54HahCDft0ttaMvbicHlPoso=
github.com/prometheus/common v0.0.0-20181113130724-41aa239b4cce/go.mod h1:daVV7qP5qjZbuso7PdcryaAu0sAZbrN9i7WWcTMWvro=
github.com/prometheus/common v0.4.0/go.mod h1:TNfzLD0ON7rHzMJeJkieUDPYmFC7Snx/y86RQel1bk4=
github.com/prometheus/procfs v0.0.0-20190507164030-5867b95ac084/go.mod h1:TjEm7ze935MbeOT/UhFTIMYKhuLP4wbCsTZCD3I8kEA=
github.com/prometheus/tsdb v0.7.1/go.mod h1:qhTCs0VvXwvX/y3TZrWD7rabWM+ijKTux40TwIPHuXU=
github.com/pulumi/pulumi-java/pkg v0.1.0/go.mod h1:Dw5klQSJCD6hHaHN4BcCoOW+KjC6NafdBtDsy6sY6uc=
github.com/pulumi/pulumi-java/pkg v0.2.0/go.mod h1:LUz8JGS7Lxn2EnPkxFhB6Rap0CwZyHTHmwLQ16NFIhc=
github.com/pulumi/pulumi-java/pkg v0.4.0/go.mod h1:j3qzYXomeNTibPcInXJVdsaBuHYwv0ISmwTgR6q0hU0=
github.com/pulumi/pulumi-java/pkg v0.4.1/go.mod h1:j3qzYXomeNTibPcInXJVdsaBuHYwv0ISmwTgR6q0hU0=
github.com/pulumi/pulumi-java/pkg v0.4.2-0.20220706212453-8046ed6407d4/go.mod h1:kvPN1g2gzkGPsXp16/3C4a/OKo+NmPtBolK2DXd0I5Q=
github.com/pulumi/pulumi-java/pkg v0.5.0/go.mod h1:NQafG/kIAAm2zGkIi2Dc5tcMTUikDOSp22NynwehBbM=
github.com/pulumi/pulumi-yaml v0.3.0/go.mod h1:6pQ0QcQqLYbq+i5vYjir/gDnpCvTkKcHqB5+mt0d3So=
github.com/pulumi/pulumi-yaml v0.5.2/go.mod h1:VTgGg3z1WFYDeiwnq9rS3Y4qAysHiQS3M4X67wqo0RM=
github.com/pulumi/pulumi-yaml v0.5.3/go.mod h1:DVllQAk4eYy9rtDqykGyV/6WiFjzpg/j/k87GZRwV7g=
github.com/pulumi/pulumi/pkg/v3 v3.26.0/go.mod h1:L9E+MXe05AbrSmX1GjX3jIrVNpE2RrauKEjME+BNzi4=
github.com/pulumi/pulumi/pkg/v3 v3.31.1-0.20220429232336-81582c4dcb93/go.mod h1:bO/BHZJoG2Mm8C3dxP414vLPvjxFfsetPE3Ep7Ffgro=
github.com/pulumi/pulumi/pkg/v3 v3.32.1/go.mod h1:TNPDg+H4Mzy5ldOJNpkzqPYTuYH8ehorPFtnQd3pRUU=
github.com/pulumi/pulumi/pkg/v3 v3.33.2-0.20220523224435-36cbf572f457/go.mod h1:5dxG2MKx/TrYtMbQsCA5+9X52s+O7+mCJiYsyDZpRU8=
github.com/pulumi/pulumi/pkg/v3 v3.33.3-0.20220601044734-8c3b8ab96f3e/go.mod h1:L6pQPxfwzQ844F0xaPSwBTijOApmiLoGonpuphShQt4=
github.com/pulumi/pulumi/pkg/v3 v3.35.3/go.mod h1:/ItZHWjJ8l/HvuEQIFlbVAgl4Pi2TkwaaGk3tmKKIUg=
github.com/pulumi/pulumi/pkg/v3 v3.35.4-0.20220706194433-bf578c5d4a27/go.mod h1:YBsDAVIqMLmib0r4YjpgsKc91CszlS64Z6UUEaKtkCE=
github.com/pulumi/pulumi/pkg/v3 v3.35.4-0.20220707201547-515cf6191cb9/go.mod h1:ZOJG8uFLbc89MNIyLtXONhllRRhmTK0+WkF6hfrefd0=
github.com/pulumi/pulumi/pkg/v3 v3.36.1-0.20220725155140-d69eea638451/go.mod h1:W6+hMuAfpcsQONfi3e/El4yavNNeER7NDpGS29dQHVQ=
github.com/pulumi/pulumi/pkg/v3 v3.37.3-0.20220809202049-8441ea2eeefd/go.mod h1:fqioE6+15BcfbrwtMbatflfCSZtKtjJe2t+z6itTkt0=
github.com/pulumi/pulumi/pkg/v3 v3.38.0 h1:JeL4iFCpW+56CPih/FOzdEFE4UyYBmiBt7g2hlu6JyU=
github.com/pulumi/pulumi/sdk/v3 v3.26.0/go.mod h1:VsxW+TGv2VBLe/MeqsAr9r0zKzK/gbAhFT9QxYr24cY=
github.com/pulumi/pulumi/sdk/v3 v3.28.0/go.mod h1:Oe6AnW5MjJE5X2UJeqeXm1Al7qahdLVhIPeiKuoqxAw=
github.com/pulumi/pulumi/sdk/v3 v3.31.0/go.mod h1:hGo/+AL1L4sPL9Ukd/i5bNFM3WHs3dHcA+GKEW7M3RA=
github.com/pulumi/pulumi/sdk/v3 v3.32.1/go.mod h1:hGo/+AL1L4sPL9Ukd/i5bNFM3WHs3dHcA+GKEW7M3RA=
github.com/pulumi/pulumi/sdk/v3 v3.33.1/go.mod h1:hGo/+AL1L4sPL9Ukd/i5bNFM3WHs3dHcA+GKEW7M3RA=
github.com/pulumi/pulumi/sdk/v3 v3.33.2-0.20220523224435-36cbf572f457/go.mod h1:hGo/+AL1L4sPL9Ukd/i5bNFM3WHs3dHcA+GKEW7M3RA=
github.com/pulumi/pulumi/sdk/v3 v3.33.2/go.mod h1:hGo/+AL1L4sPL9Ukd/i5bNFM3WHs3dHcA+GKEW7M3RA=
github.com/pulumi/pulumi/sdk/v3 v3.33.3-0.20220601044734-8c3b8ab96f3e/go.mod h1:sF9VfTkwRXYNk/gCR7ICd79VDC8WcsyVq37/sb8sV5A=
github.com/pulumi/pulumi/sdk/v3 v3.35.3/go.mod h1:e1xuPnh9aKzCesrFf96DEzcybLdRWRMhKeKVBmb2lm0=
github.com/pulumi/pulumi/sdk/v3 v3.35.4-0.20220706194433-bf578c5d4a27/go.mod h1:e1xuPnh9aKzCesrFf96DEzcybLdRWRMhKeKVBmb2lm0=
github.com/pulumi/pulumi/sdk/v3 v3.35.4-0.20220707201547-515cf6191cb9/go.mod h1:e1xuPnh9aKzCesrFf96DEzcybLdRWRMhKeKVBmb2lm0=
github.com/pulumi/pulumi/sdk/v3 v3.36.0/go.mod h1:e1xuPnh9aKzCesrFf96DEzcybLdRWRMhKeKVBmb2lm0=
github.com/pulumi/pulumi/sdk/v3 v3.36.1-0.20220725155140-d69eea638451/go.mod h1:e1xuPnh9aKzCesrFf96DEzcybLdRWRMhKeKVBmb2lm0=
github.com/pulumi/pulumi/sdk/v3 v3.37.2/go.mod h1:e1xuPnh9aKzCesrFf96DEzcybLdRWRMhKeKVBmb2lm0=
github.com/pulumi/pulumi/sdk/v3 v3.37.3-0.20220809202049-8441ea2eeefd/go.mod h1:3/6Fr/c01n7Hw7mtAlO7X8WMBgLP5AVTyYe4CRfJQc4=
github.com/pulumi/pulumi/sdk/v3 v3.38.0 h1:xqO+t81RDY9w+GT+YRUZDHuvfYEz+vgQBkdtLe/8i7U=
github.com/rivo/uniseg v0.2.0 h1:S1pD9weZBuJdFmowNwbpi7BJ8TNftyUImj/0WQi72jY=
github.com/rjeczalik/notify v0.9.2 h1:MiTWrPj55mNDHEiIX5YUSKefw/+lCQVoAFmD6oQm5w8=
github.com/rogpeppe/fastuuid v0.0.0-20150106093220-6724a57986af/go.mod h1:XWv6SoW27p1b0cqNHllgS5HIMJraePCO15w5zCzIWYg=
github.com/rogpeppe/go-internal v1.6.2/go.mod h1:xXDCJY+GAPziupqXw64V24skbSoqbTEfhy4qGm1nDQc=
github.com/rogpeppe/go-internal v1.8.1 h1:geMPLpDpQOgVyCg5z5GoRwLHepNdb71NXb67XFkP+Eg=
github.com/russross/blackfriday/v2 v2.0.1/go.mod h1:+Rmxgy9KzJVeS9/2gXHxylqXiyQDYRxCVz55jmeOWTM=
github.com/ryanuber/go-glob v1.0.0 h1:iQh3xXAumdQ+4Ufa5b25cRpC5TYKlno6hsv6Cb3pkBk=
github.com/sabhiram/go-gitignore v0.0.0-20210923224102-525f6e181f06 h1:OkMGxebDjyw0ULyrTYWeN0UNCCkmCWfjPnIA2W6oviI=
github.com/santhosh-tekuri/jsonschema/v5 v5.0.0 h1:TToq11gyfNlrMFZiYujSekIsPd9AmsA2Bj/iv+s4JHE=
github.com/segmentio/asm v1.1.3 h1:WM03sfUOENvvKexOLp+pCqgb/WDjsi7EK8gIsICtzhc=
github.com/segmentio/encoding v0.3.5 h1:UZEiaZ55nlXGDL92scoVuw00RmiRCazIEmvPSbSvt8Y=
github.com/sergi/go-diff v1.2.0 h1:XU+rvMAioB0UC3q1MFrIQy4Vo5/4VsRDQQXHsEya6xQ=
github.com/shirou/gopsutil v3.21.7+incompatible/go.mod h1:5b4v6he4MtMOwMlS0TUMTu2PcXUg8+E1lC7eC3UO/RA=
github.com/shirou/gopsutil/v3 v3.22.3/go.mod h1:D01hZJ4pVHPpCTZ3m3T2+wDF2YAGfd+H4ifUguaQzHM=
github.com/shurcooL/go-goon v0.0.0-20170922171312-37c2f522c041/go.mod h1:N5mDOmsrJOB+vfqUK+7DmDyjhSLIIBnXo9lvZJj3MWQ=
github.com/shurcooL/go-goon v0.0.0-20210110234559-7585751d9a17/go.mod h1:N5mDOmsrJOB+vfqUK+7DmDyjhSLIIBnXo9lvZJj3MWQ=
github.com/shurcooL/httpfs v0.0.0-20190707220628-8d4bc4ba7749/go.mod h1:ZY1cvUeJuFPAdZ/B6v7RHavJWZn2YPVFQ1OSXhCGOkg=
github.com/shurcooL/sanitized_anchor_name v1.0.0/go.mod h1:1NzhyTcUVG4SuEtjjoZeVRXNmyL/1OwPU0+IJeTBvfc=
github.com/shurcooL/vfsgen v0.0.0-20200824052919-0d455de96546/go.mod h1:TrYk7fJVaAttu97ZZKrO9UbRa8izdowaMIZcxYMbVaw=
github.com/skratchdot/open-golang v0.0.0-20200116055534-eef842397966/go.mod h1:sUM3LWHvSMaG192sy56D9F7CNvL7jUJVXoqM1QKLnog=
github.com/soheilhy/cmux v0.1.4/go.mod h1:IM3LyeVVIOuxMH7sFAkER9+bJ4dT7Ms6E4xg4kGIyLM=
github.com/spf13/afero v1.1.2/go.mod h1:j4pytiNVoe2o6bmDsKpLACNPDBIoEAkihy7loJ1B0CQ=
github.com/spf13/afero v1.3.3/go.mod h1:5KUK8ByomD5Ti5Artl0RtHeI5pTF7MIDuXL3yY520V4=
github.com/spf13/cast v1.3.0/go.mod h1:Qx5cxh0v+4UWYiBimWS+eyWzqEqokIECu5etghLkUJE=
github.com/spf13/cobra v1.0.0/go.mod h1:/6GTrnGXV9HjY+aR4k0oJ5tcvakLuG6EuKReYlHNrgE=
github.com/spf13/cobra v1.4.0 h1:y+wJpx64xcgO1V+RcnwW0LEHxTKRi2ZDPSBjWnrg88Q=
github.com/spf13/jwalterweatherman v1.0.0/go.mod h1:cQK4TGJAtQXfYWX+Ddv3mKDzgVb68N+wFjFa4jdeBTo=
github.com/spf13/pflag v1.0.5 h1:iy+VFUOCP1a+8yFto/drg2CJ5u0yRoB7fZw3DKv/JXA=
github.com/spf13/viper v1.4.0/go.mod h1:PTJ7Z/lr49W6bUbkmS1V3by4uWynFiR9p7+dSq/yZzE=
github.com/src-d/gcfg v1.4.0/go.mod h1:p/UMsR43ujA89BJY9duynAwIpvqEujIH/jFlfL7jWoI=
github.com/stretchr/objx v0.5.0 h1:1zr/of2m5FGMsad5YfcqgdqdWrIhu+EBEJRhR1U7z/c=
github.com/stretchr/testify v1.8.2 h1:+h33VjcLVPDHtOdpUCuF+7gSuG3yGIftsP1YvFihtJ8=
github.com/texttheater/golang-levenshtein v1.0.1 h1:+cRNoVrfiwufQPhoMzB6N0Yf/Mqajr6t1lOv8GyGE2U=
github.com/tklauser/go-sysconf v0.3.8/go.mod h1:z4zYWRS+X53WUKtBcmDg1comV3fPhdQnzasnIHUoLDU=
github.com/tklauser/go-sysconf v0.3.10/go.mod h1:C8XykCvCb+Gn0oNCWPIlcb0RuglQTYaQ2hGm7jmxEFk=
github.com/tklauser/numcpus v0.2.3/go.mod h1:vpEPS/JC+oZGGQ/My/vJnNsvMDQL6PwOqt8dsCw5j+E=
github.com/tklauser/numcpus v0.4.0/go.mod h1:1+UI3pD8NW14VMwdgJNJ1ESk2UnwhAnz5hMwiKKqXCQ=
github.com/tmc/grpc-websocket-proxy v0.0.0-20190109142713-0ad062ec5ee5/go.mod h1:ncp9v5uamzpCO7NfCPTXjqaC+bZgJeR0sMTm6dMHP7U=
github.com/tweekmonster/luser v0.0.0-20161003172636-3fa38070dbd7 h1:X9dsIWPuuEJlPX//UmRKophhOKCGXc46RVIGuttks68=
github.com/uber/jaeger-client-go v2.30.0+incompatible h1:D6wyKGCecFaSRUpo8lCVbaOOb6ThwMmTEbhRwtKR97o=
github.com/uber/jaeger-lib v2.4.1+incompatible h1:td4jdvLcExb4cBISKIpHuGoVXh+dVKhn2Um6rjCsSsg=
github.com/ugorji/go v1.1.4/go.mod h1:uQMGLiO92mf5W77hV/PUCpI3pbzQx3CRekS0kk+RGrc=
github.com/vmihailenco/msgpack/v5 v5.3.5/go.mod h1:7xyJ9e+0+9SaZT0Wt1RGleJXzli6Q/V5KbhBonMG9jc=
github.com/vmihailenco/tagparser/v2 v2.0.0/go.mod h1:Wri+At7QHww0WTrCBeu4J6bNtoV6mEfg5OIWRZA9qds=
github.com/xanzy/ssh-agent v0.2.1/go.mod h1:mLlQY/MoOhWBj+gOGMQkOeiEvkx+8pJSI+0Bx9h2kr4=
github.com/xanzy/ssh-agent v0.3.1 h1:AmzO1SSWxw73zxFZPRwaMN1MohDw8UyHnmuxyceTEGo=
github.com/xeipuuv/gojsonpointer v0.0.0-20180127040702-4e3ac2762d5f h1:J9EGpcZtP0E/raorCMxlFGSTBrsSlaDGf3jU/qvAE2c=
github.com/xeipuuv/gojsonreference v0.0.0-20180127040603-bd5ef7bd5415 h1:EzJWgHovont7NscjpAxXsDA8S8BMYve8Y5+7cuRE7R0=
github.com/xeipuuv/gojsonschema v1.2.0 h1:LhYJRs+L4fBtjZUfuSZIKGeVu0QRy8e5Xi7D17UxZ74=
github.com/xiang90/probing v0.0.0-20190116061207-43a291ad63a2/go.mod h1:UETIi67q53MR2AWcXfiuqkDkRtnGDLqkBTpCHuJHxtU=
github.com/xordataexchange/crypt v0.0.3-0.20170626215501-b2862e3d0a77/go.mod h1:aYKd//L2LvnjZzWKhF00oedf4jCCReLcmhLdhm1A27Q=
github.com/yusufpapurcu/wmi v1.2.2/go.mod h1:SBZ9tNy3G9/m5Oi98Zks0QjeHVDvuK0qfxQmPyzfmi0=
github.com/zclconf/go-cty v1.3.1/go.mod h1:YO23e2L18AG+ZYQfSobnY4G65nvwvprPCxBHkufUH1k=
github.com/zclconf/go-cty v1.12.1/go.mod h1:s9IfD1LK5ccNMSWCVFCE2rJfHiZgi7JijgeWIMfhLvA=
github.com/zclconf/go-cty v1.13.1 h1:0a6bRwuiSHtAmqCqNOE+c2oHgepv0ctoxU4FUe43kwc=
go.etcd.io/bbolt v1.3.2/go.mod h1:IbVyRI1SCnLcuJnV2u8VeU0CEYM7e686BmAb1XKL+uU=
go.opencensus.io v0.23.0 h1:gqCw0LfLxScz8irSi8exQc7fyQ0fKQU/qnC/X8+V/1M=
go.uber.org/atomic v1.4.0/go.mod h1:gD2HeocX3+yG+ygLZcrzQJaqmWj9AIm7n08wl/qW/PE=
go.uber.org/atomic v1.9.0 h1:ECmE8Bn/WFTYwEW/bpKD3M8VtR/zQVbavAoalC1PYyE=
go.uber.org/multierr v1.1.0/go.mod h1:wR5kodmAFQ0UK8QlbwjlSNy0Z68gJhDJUG5sjR94q/0=
go.uber.org/multierr v1.5.0/go.mod h1:FeouvMocqHpRaaGuG9EjoKcStLC43Zu/fmqdUMPcKYU=
go.uber.org/tools v0.0.0-20190618225709-2cfd321de3ee/go.mod h1:vJERXedbb3MVM5f9Ejo0C68/HhF8uaILCdgjnY+goOA=
go.uber.org/zap v1.10.0/go.mod h1:vwi/ZaCAaUcBkycHslxD9B2zi4UTXhF60s6SWpuDF0Q=
go.uber.org/zap v1.16.0/go.mod h1:MA8QOfq0BHJwdXa996Y4dYkAqRKB8/1K1QMMZVaNZjQ=
gocloud.dev v0.23.0/go.mod h1:zklCCIIo1N9ELkU2S2E7tW8P8eeMU7oGLeQCXdDwx9Q=
gocloud.dev v0.24.0 h1:cNtHD07zQQiv02OiwwDyVMuHmR7iQt2RLkzoAgz7wBs=
gocloud.dev/secrets/hashivault v0.23.0/go.mod h1:JkedtcYw0IqNMru0glghf+dkoszG0WFjal3PCpucxBs=
gocloud.dev/secrets/hashivault v0.24.0 h1:rutqnevHcRze+92YMGmjCH3gX+qES8IArg5qPhr8ZnM=
golang.org/x/crypto v0.0.0-20190701094942-4def268fd1a4/go.mod h1:yigFU9vqHzYiE8UmvKecakEJjdnWj3jj499lnFckfCI=
golang.org/x/crypto v0.0.0-20200317142112-1b76d66859c6/go.mod h1:LzIPMQfyMNhhGPhUkYOs5KpL4U8rLKemX1yGLhDgUto=
golang.org/x/crypto v0.0.0-20201221181555-eec23a3978ad/go.mod h1:jdWPYTVW3xRLrWPugEBEK3UY2ZEsg3UU495nc5E+M+I=
golang.org/x/crypto v0.0.0-20210506145944-38f3c27a63bf/go.mod h1:P+XmwS30IXTQdn5tA2iutPOUgjI07+tq3H3K9MVA1s8=
golang.org/x/crypto v0.0.0-20220131195533-30dcbda58838/go.mod h1:IxCIyHEi3zRg3s0A5j5BB6A9Jmi73HwBIUl50j+osU4=
golang.org/x/crypto v0.0.0-20220622213112-05595931fe9d/go.mod h1:IxCIyHEi3zRg3s0A5j5BB6A9Jmi73HwBIUl50j+osU4=
golang.org/x/crypto v0.0.0-20220722155217-630584e8d5aa/go.mod h1:IxCIyHEi3zRg3s0A5j5BB6A9Jmi73HwBIUl50j+osU4=
golang.org/x/crypto v0.7.0 h1:AvwMYaRytfdeVt3u6mLaxYtErKYjxA2OXjJ1HHq6t3A=
golang.org/x/exp v0.0.0-20180321215751-8460e604b9de/go.mod h1:CJ0aWSM057203Lf6IL+f9T1iT9GByDxfZKAQTCR3kQA=
golang.org/x/exp v0.0.0-20180807140117-3d87b88a115f/go.mod h1:CJ0aWSM057203Lf6IL+f9T1iT9GByDxfZKAQTCR3kQA=
golang.org/x/exp v0.0.0-20190125153040-c74c464bbbf2/go.mod h1:CJ0aWSM057203Lf6IL+f9T1iT9GByDxfZKAQTCR3kQA=
golang.org/x/image v0.0.0-20180708004352-c73c2afc3b81/go.mod h1:ux5Hcp/YLpHSI86hEcLt0YII63i6oz57MZXIpbrjZUs=
golang.org/x/net v0.0.0-20181220203305-927f97764cc3/go.mod h1:mL1N/T3taQHkDXs73rZJwtUhF3w3ftmwwsq0BUmARs4=
golang.org/x/net v0.0.0-20190522155817-f3200d17e092/go.mod h1:HSz+uSET+XFnRR8LxR5pz3Of3rY3CfYBVs4xY44aLks=
golang.org/x/net v0.0.0-20190923162816-aa69164e4478/go.mod h1:z5CRVTTTmAJ677TzLLGU+0bjPO0LkuOLi4/5GtJWs/s=
golang.org/x/net v0.0.0-20210420210106-798c2154c571/go.mod h1:72T/g9IO56b78aLF+1Kcs5dz7/ng1VjMUvfKvpfy+jM=
golang.org/x/net v0.0.0-20210505214959-0714010a04ed/go.mod h1:9nx3DQGgdP8bBQD5qxJ1jj9UTztislL4KSBs9R2vV5Y=
golang.org/x/net v0.0.0-20210813160813-60bc85c4be6d/go.mod h1:9nx3DQGgdP8bBQD5qxJ1jj9UTztislL4KSBs9R2vV5Y=
golang.org/x/net v0.8.0 h1:Zrh2ngAOFYneWTAIAPethzeaQLuHwhuBkuV6ZiRnUaQ=
golang.org/x/oauth2 v0.0.0-20210413134643-5e61552d6c78/go.mod h1:KelEdhl1UZF7XfJ4dDtk6s++YSgaE7mD/BuKKDLBl4A=
golang.org/x/oauth2 v0.0.0-20220309155454-6242fa91716a h1:qfl7ob3DIEs3Ml9oLuPwY2N04gymzAW04WsUQHIClgM=
golang.org/x/sync v0.1.0 h1:wsuoTGHzEhffawBOhz5CYhcrV4IdKZbEyZjBMuTp12o=
golang.org/x/sys v0.0.0-20181107165924-66b7b1311ac8/go.mod h1:STP8DvDyc/dI5b8T5hshtkjS+E42TnysNCUPdjciGhY=
golang.org/x/sys v0.0.0-20190221075227-b4e8571b14e0/go.mod h1:STP8DvDyc/dI5b8T5hshtkjS+E42TnysNCUPdjciGhY=
golang.org/x/sys v0.0.0-20191005200804-aed5e4c7ecf9/go.mod h1:h1NjWce9XRLGQEsW7wpKNCjG9DtNlClVuFLEZdDNbEs=
golang.org/x/sys v0.0.0-20201204225414-ed752295db88/go.mod h1:h1NjWce9XRLGQEsW7wpKNCjG9DtNlClVuFLEZdDNbEs=
golang.org/x/sys v0.0.0-20210218084038-e8e29180ff58/go.mod h1:h1NjWce9XRLGQEsW7wpKNCjG9DtNlClVuFLEZdDNbEs=
golang.org/x/sys v0.0.0-20210412220455-f1c623a9e750/go.mod h1:h1NjWce9XRLGQEsW7wpKNCjG9DtNlClVuFLEZdDNbEs=
golang.org/x/sys v0.0.0-20210420072515-93ed5bcd2bfe/go.mod h1:h1NjWce9XRLGQEsW7wpKNCjG9DtNlClVuFLEZdDNbEs=
golang.org/x/sys v0.0.0-20210420205809-ac73e9fd8988/go.mod h1:h1NjWce9XRLGQEsW7wpKNCjG9DtNlClVuFLEZdDNbEs=
golang.org/x/sys v0.0.0-20210503173754-0981d6026fa6/go.mod h1:oPkhp1MJrh7nUepCBck5+mAzfO9JrbApNNgaTdGDITg=
golang.org/x/sys v0.0.0-20210816074244-15123e1e1f71/go.mod h1:oPkhp1MJrh7nUepCBck5+mAzfO9JrbApNNgaTdGDITg=
golang.org/x/sys v0.0.0-20210816183151-1e6c022a8912/go.mod h1:oPkhp1MJrh7nUepCBck5+mAzfO9JrbApNNgaTdGDITg=
golang.org/x/sys v0.0.0-20210817190340-bfb29a6856f2/go.mod h1:oPkhp1MJrh7nUepCBck5+mAzfO9JrbApNNgaTdGDITg=
golang.org/x/sys v0.0.0-20211205182925-97ca703d548d/go.mod h1:oPkhp1MJrh7nUepCBck5+mAzfO9JrbApNNgaTdGDITg=
golang.org/x/sys v0.0.0-20220715151400-c0bba94af5f8/go.mod h1:oPkhp1MJrh7nUepCBck5+mAzfO9JrbApNNgaTdGDITg=
golang.org/x/sys v0.6.0 h1:MVltZSvRTcU2ljQOhs94SXPftV6DCNnZViHeQps87pQ=
golang.org/x/term v0.0.0-20201117132131-f5c789dd3221/go.mod h1:Nr5EML6q2oocZ2LXRh80K7BxOlk5/8JxuGnuhpl+muw=
golang.org/x/term v0.5.0/go.mod h1:jMB1sMXY+tzblOD4FWmEbocvup2/aLOaQEp7JmGp78k=
golang.org/x/term v0.6.0 h1:clScbb1cHjoCkyRbWwBEUZ5H/tIFu5TAXIqaZD0Gcjw=
golang.org/x/text v0.3.8/go.mod h1:E6s5w1FMmriuDzIBO73fBruAKo1PCIq6d2Q6DHfQ8WQ=
golang.org/x/text v0.7.0/go.mod h1:mrYo+phRRbMaCq/xk9113O4dZlRixOauAjOtrjsXDZ8=
golang.org/x/text v0.8.0 h1:57P1ETyNKtuIjB4SRd15iJxuhj8Gc416Y78H3qgMh68=
golang.org/x/time v0.0.0-20210220033141-f8bda1e9f3ba/go.mod h1:tRJNPiyCQ0inRvYxbN9jk5I+vvW/OXSQhTDSoE431IQ=
golang.org/x/time v0.0.0-20210723032227-1f47c861a9ac h1:7zkz7BUtwNFFqcowJ+RIgu2MaV/MapERkDIy+mwPyjs=
golang.org/x/tools v0.0.0-20180525024113-a5b4c53f6e8b/go.mod h1:n7NCudcB/nEzxVGmLbDWY5pfWTLqBcC2KZ6jyYvM4mQ=
golang.org/x/tools v0.0.0-20190206041539-40960b6deb8e/go.mod h1:n7NCudcB/nEzxVGmLbDWY5pfWTLqBcC2KZ6jyYvM4mQ=
golang.org/x/tools v0.0.0-20190729092621-ff9f1409240a/go.mod h1:jcCCGcm9btYwXyDqrUWc6MKQKKGJCWEQ3AfLSRIbEuI=
golang.org/x/tools v0.0.0-20191010075000-0337d82405ff/go.mod h1:b+2E5dAYhXwXZwtnZ6UAqBI28+e2cm9otk0dWdXHAEo=
golang.org/x/tools v0.0.0-20191029190741-b9c20aec41a5/go.mod h1:b+2E5dAYhXwXZwtnZ6UAqBI28+e2cm9otk0dWdXHAEo=
golang.org/x/tools v0.0.0-20200608174601-1b747fd94509/go.mod h1:EkVYQZoAsY45+roYkvgYkIh4xh/qjgUK9TdY2XT94GE=
golang.org/x/tools v0.0.0-20210101214203-2dba1e4ea05c/go.mod h1:emZCQorbCU4vsT4fOWvOPXz4eW1wZW4PmDk9uLelYpA=
golang.org/x/xerrors v0.0.0-20200804184101-5ec99f83aff1 h1:go1bK/D/BFZV2I8cIQd1NKEZ+0owSTG1fDTci4IqFcE=
gonum.org/v1/gonum v0.0.0-20180816165407-929014505bf4/go.mod h1:Y+Yx5eoAFn32cQvJDxZx5Dpnq+c3wtXuadVZAcxbbBo=
gonum.org/v1/gonum v0.8.2/go.mod h1:oe/vMfY3deqTw+1EZJhuvEW2iwGF1bW9wwu7XCu0+v0=
gonum.org/v1/netlib v0.0.0-20190313105609-8cb42192e0e0/go.mod h1:wa6Ws7BG/ESfp6dHfk7C6KdzKA7wR7u/rKwOGE66zvw=
gonum.org/v1/plot v0.0.0-20190515093506-e2840ee46a6b/go.mod h1:Wt8AAjI+ypCyYX3nZBvf6cAIx93T+c/OS2HFAYskSZc=
google.golang.org/api v0.5.0/go.mod h1:8k5glujaEP+g9n7WNsDg8QP6cUVNI86fCNMcbazEtwE=
google.golang.org/api v0.10.0/go.mod h1:o4eAsZoiT+ibD93RtjEohWalFOjRDx6CVaqeizhEnKg=
google.golang.org/api v0.45.0/go.mod h1:ISLIJCedJolbZvDfAk+Ctuq5hf+aJ33WgtUsfyFoLXA=
google.golang.org/api v0.62.0/go.mod h1:dKmwPCydfsad4qCH08MSdgWjfHOyfpd4VtDGgRFdavw=
google.golang.org/api v0.74.0 h1:ExR2D+5TYIrMphWgs5JCgwRhEDlPDXXrLwHHMgPHTXE=
google.golang.org/appengine v1.6.2/go.mod h1:i06prIuMbXzDqacNJfV5OdTW448YApPu5ww/cMBSeb0=
google.golang.org/appengine v1.6.7 h1:FZR1q0exgwxzPzp/aF+VccGrSfxfPpkBqjIIEq3ru6c=
google.golang.org/genproto v0.0.0-20190508193815-b515fa19cec8/go.mod h1:VzzqZJRnGkLBvHegQrXjBqPurQTc5/KpmUdxsrq26oE=
google.golang.org/genproto v0.0.0-20190530194941-fb225487d101/go.mod h1:z3L6/3dTEVtUr6QSP8miRzeRqwQOioJ9I66odjN4I7s=
google.golang.org/genproto v0.0.0-20210413151531-c14fb6ef47c3/go.mod h1:P3QM42oQyzQSnHPnZ/vqoCdDmzH28fzWByN9asMeM8A=
google.golang.org/genproto v0.0.0-20210420162539-3c870d7478d2/go.mod h1:P3QM42oQyzQSnHPnZ/vqoCdDmzH28fzWByN9asMeM8A=
google.golang.org/genproto v0.0.0-20210423144448-3a41ef94ed2b/go.mod h1:P3QM42oQyzQSnHPnZ/vqoCdDmzH28fzWByN9asMeM8A=
google.golang.org/genproto v0.0.0-20210506142907-4a47615972c2/go.mod h1:P3QM42oQyzQSnHPnZ/vqoCdDmzH28fzWByN9asMeM8A=
google.golang.org/genproto v0.0.0-20211129164237-f09f9a12af12/go.mod h1:5CzLGKJ67TSI2B9POpiiyGha0AjJvZIUgRMt1dSmuhc=
google.golang.org/genproto v0.0.0-20211203200212-54befc351ae9/go.mod h1:5CzLGKJ67TSI2B9POpiiyGha0AjJvZIUgRMt1dSmuhc=
google.golang.org/genproto v0.0.0-20220201184016-50beb8ab5c44/go.mod h1:5CzLGKJ67TSI2B9POpiiyGha0AjJvZIUgRMt1dSmuhc=
google.golang.org/genproto v0.0.0-20220413183235-5e96e2839df9 h1:XGQ6tc+EnM35IAazg4y6AHmUg4oK8NXsXaILte1vRlk=
google.golang.org/grpc v1.21.0/go.mod h1:oYelfM1adQP15Ek0mdvEgi9Df8B9CZIaU1084ijfRaM=
google.golang.org/grpc v1.47.0/go.mod h1:vN9eftEi1UMyUsIF80+uQXhHjbXYbm0uXoFCACuMGWk=
google.golang.org/grpc v1.51.0 h1:E1eGv1FTqoLIdnBCZufiSHgKjlqG6fKFf6pPWtMTh8U=
google.golang.org/protobuf v1.28.1 h1:d0NfwRgPtno5B1Wa6L2DAG+KivqkdutMf1UhdNx175w=
gopkg.in/AlecAivazis/survey.v1 v1.8.9-0.20200217094205-6773bdf39b7f h1:AQkMzsSzHWrgZWqGRpuRaRPDmyNibcXlpGcnQJ7HxZw=
gopkg.in/check.v1 v1.0.0-20201130134442-10cb98267c6c h1:Hei/4ADfdWqJk1ZMxUNpqntNwaWcugrBjAiHlqqRiVk=
gopkg.in/cheggaaa/pb.v1 v1.0.28/go.mod h1:V/YB90LKu/1FcN3WVnfiiE5oMCibMjukxqG/qStrOgw=
gopkg.in/resty.v1 v1.12.0/go.mod h1:mDo4pnntr5jdWRML875a/NmxYqAlA73dVijT2AXvQQo=
gopkg.in/square/go-jose.v2 v2.6.0 h1:NGk74WTnPKBNUhNzQX7PYcTLUjoq7mzKk2OKbvwk2iI=
gopkg.in/src-d/go-billy.v4 v4.3.2/go.mod h1:nDjArDMp+XMs1aFAESLRjfGSgfvoYN0hDfzEk0GjC98=
gopkg.in/src-d/go-git-fixtures.v3 v3.5.0/go.mod h1:dLBcvytrw/TYZsNTWCnkNF2DSIlzWYqTe3rJR56Ac7g=
gopkg.in/src-d/go-git.v4 v4.13.1/go.mod h1:nx5NYcxdKxq5fpltdHnPa2Exj4Sx0EclMWZQbYDu2z8=
gopkg.in/warnings.v0 v0.1.2 h1:wFXVbFY8DY5/xOe1ECiWdKCzZlxgshcYVNkBHstARME=
gopkg.in/yaml.v2 v2.0.0-20170812160011-eb3733d160e7/go.mod h1:JAlM8MvJe8wmxCU4Bli9HhUf9+ttbYbLASfIpnQbh74=
gopkg.in/yaml.v2 v2.4.0 h1:D8xgwECY7CYvx+Y2n4sBz93Jn9JRvxdiyyo8CTfuKaY=
gopkg.in/yaml.v3 v3.0.1 h1:fxVm/GzAzEWqLHuvctI91KS9hhNmmWOoWu0XTYJS7CA=
gotest.tools v2.2.0+incompatible h1:VsBPFP1AI068pPrMxtb/S8Zkgf9xEmTLJjfM+P5UIEo=
gotest.tools/v3 v3.0.3 h1:4AuOwCGf4lLR9u3YOe2awrHygurzhO/HeQ6laiA6Sx0=
gotest.tools/v3 v3.0.3/go.mod h1:Z7Lb0S5l+klDB31fvDQX8ss/FlKDxtlFlw3Oa8Ymbl8=
lukechampine.com/frand v1.4.2 h1:RzFIpOvkMXuPMBb9maa4ND4wjBn71E1Jpf8BzJHMaVw=
mvdan.cc/gofumpt v0.0.0-20210107193838-d24d34e18d44/go.mod h1:yXG1r1WqZVKWbVRtBWKWX9+CxGYfA51nSomhM0woR48=
mvdan.cc/gofumpt v0.1.0/go.mod h1:yXG1r1WqZVKWbVRtBWKWX9+CxGYfA51nSomhM0woR48=
pgregory.net/rapid v0.4.7 h1:MTNRktPuv5FNqOO151TM9mDTa+XHcX6ypYeISDVD14g=
pgregory.net/rapid v0.4.7/go.mod h1:UYpPVyjFHzYBGHIxLFoupi8vwk6rXNzRY9OMvVxFIOU=
rsc.io/pdf v0.1.1/go.mod h1:n8OzWcQ6Sp37PL01nO98y4iUCRdTGarVfzxY20ICaU4=
sourcegraph.com/sourcegraph/appdash v0.0.0-20211028080628-e2786a622600 h1:hfyJ5ku9yFtLVOiSxa3IN+dx5eBQT9mPmKFypAmg8XM=
sourcegraph.com/sourcegraph/appdash-data v0.0.0-20151005221446-73f23eafcf67/go.mod h1:L5q+DGLGOQFpo1snNEkLOJT2d1YTW66rWNzatr3He1k=
